
Microsoft Visual Studio Solution File, Format Version 12.00
# Visual Studio Version 16
VisualStudioVersion = 16.0.29306.81
MinimumVisualStudioVersion = 10.0.40219.1
Project("{FAE04EC0-301F-11D3-BF4B-00C04F79EFBC}") = "Selectie.Wpf", "Selectie.Wpf\Selectie.Wpf.csproj", "{9BD4D2BE-6670-43FF-992F-B32395FB6F7A}"
EndProject
Project("{FAE04EC0-301F-11D3-BF4B-00C04F79EFBC}") = "Raadspel.Wpf", "Raadspel.Wpf\Raadspel.Wpf.csproj", "{CDB3353B-27FC-4F90-B215-F4E9A8E4A9E0}"
EndProject
Project("{FAE04EC0-301F-11D3-BF4B-00C04F79EFBC}") = "Sliders.Wpf", "Sliders.Wpf\Sliders.Wpf.csproj", "{0F2039A0-8835-4869-9BEB-D545BBB5E478}"
EndProject
Global
	GlobalSection(SolutionConfigurationPlatforms) = preSolution
		Debug|Any CPU = Debug|Any CPU
		Release|Any CPU = Release|Any CPU
	EndGlobalSection
	GlobalSection(ProjectConfigurationPlatforms) = postSolution
		{9BD4D2BE-6670-43FF-992F-B32395FB6F7A}.Debug|Any CPU.ActiveCfg = Debug|Any CPU
		{9BD4D2BE-6670-43FF-992F-B32395FB6F7A}.Debug|Any CPU.Build.0 = Debug|Any CPU
		{9BD4D2BE-6670-43FF-992F-B32395FB6F7A}.Release|Any CPU.ActiveCfg = Release|Any CPU
		{9BD4D2BE-6670-43FF-992F-B32395FB6F7A}.Release|Any CPU.Build.0 = Release|Any CPU
		{CDB3353B-27FC-4F90-B215-F4E9A8E4A9E0}.Debug|Any CPU.ActiveCfg = Debug|Any CPU
		{CDB3353B-27FC-4F90-B215-F4E9A8E4A9E0}.Debug|Any CPU.Build.0 = Debug|Any CPU
		{CDB3353B-27FC-4F90-B215-F4E9A8E4A9E0}.Release|Any CPU.ActiveCfg = Release|Any CPU
		{CDB3353B-27FC-4F90-B215-F4E9A8E4A9E0}.Release|Any CPU.Build.0 = Release|Any CPU
		{0F2039A0-8835-4869-9BEB-D545BBB5E478}.Debug|Any CPU.ActiveCfg = Debug|Any CPU
		{0F2039A0-8835-4869-9BEB-D545BBB5E478}.Debug|Any CPU.Build.0 = Debug|Any CPU
		{0F2039A0-8835-4869-9BEB-D545BBB5E478}.Release|Any CPU.ActiveCfg = Release|Any CPU
		{0F2039A0-8835-4869-9BEB-D545BBB5E478}.Release|Any CPU.Build.0 = Release|Any CPU
	EndGlobalSection
	GlobalSection(SolutionProperties) = preSolution
		HideSolutionNode = FALSE
	EndGlobalSection
	GlobalSection(ExtensibilityGlobals) = postSolution
		SolutionGuid = {9ADFF7E0-97F5-4C75-A883-D123D814ED01}
	EndGlobalSection
EndGlobal
